
Microsoft Visual Studio Solution File, Format Version 12.00
# Visual Studio Version 16
VisualStudioVersion = 16.0.30804.86
MinimumVisualStudioVersion = 10.0.40219.1
Project("{FAE04EC0-301F-11D3-BF4B-00C04F79EFBC}") = "ConsoleCRUD", "ConsoleCRUD\ConsoleCRUD.csproj", "{EC9879C7-72F6-48D9-BC44-4D91CE15CBC0}"
EndProject
Project("{FAE04EC0-301F-11D3-BF4B-00C04F79EFBC}") = "CRUDClassLibrary", "CRUDClassLibrary\CRUDClassLibrary.csproj", "{98DA57A3-8C1B-4072-B245-C1DD22196291}"
EndProject
Project("{FAE04EC0-301F-11D3-BF4B-00C04F79EFBC}") = "CRUDWebForm", "CRUDWebForm\CRUDWebForm.csproj", "{B538F535-3C2B-4BF0-BF25-C7F09F9C1838}"
EndProject
Project("{FAE04EC0-301F-11D3-BF4B-00C04F79EFBC}") = "CRUDMVC", "CRUDMVC\CRUDMVC.csproj", "{EE2F2F0F-3CCB-4E07-99CE-85B2A63C25C8}"
EndProject
Project("{FAE04EC0-301F-11D3-BF4B-00C04F79EFBC}") = "MVC_New", "MVC_New\MVC_New.csproj", "{67CA1616-2A1C-4732-911D-A55609AA480E}"
EndProject
Global
	GlobalSection(SolutionConfigurationPlatforms) = preSolution
		Debug|Any CPU = Debug|Any CPU
		Release|Any CPU = Release|Any CPU
	EndGlobalSection
	GlobalSection(ProjectConfigurationPlatforms) = postSolution
		{EC9879C7-72F6-48D9-BC44-4D91CE15CBC0}.Debug|Any CPU.ActiveCfg = Debug|Any CPU
		{EC9879C7-72F6-48D9-BC44-4D91CE15CBC0}.Debug|Any CPU.Build.0 = Debug|Any CPU
		{EC9879C7-72F6-48D9-BC44-4D91CE15CBC0}.Release|Any CPU.ActiveCfg = Release|Any CPU
		{EC9879C7-72F6-48D9-BC44-4D91CE15CBC0}.Release|Any CPU.Build.0 = Release|Any CPU
		{98DA57A3-8C1B-4072-B245-C1DD22196291}.Debug|Any CPU.ActiveCfg = Debug|Any CPU
		{98DA57A3-8C1B-4072-B245-C1DD22196291}.Debug|Any CPU.Build.0 = Debug|Any CPU
		{98DA57A3-8C1B-4072-B245-C1DD22196291}.Release|Any CPU.ActiveCfg = Release|Any CPU
		{98DA57A3-8C1B-4072-B245-C1DD22196291}.Release|Any CPU.Build.0 = Release|Any CPU
		{B538F535-3C2B-4BF0-BF25-C7F09F9C1838}.Debug|Any CPU.ActiveCfg = Debug|Any CPU
		{B538F535-3C2B-4BF0-BF25-C7F09F9C1838}.Debug|Any CPU.Build.0 = Debug|Any CPU
		{B538F535-3C2B-4BF0-BF25-C7F09F9C1838}.Release|Any CPU.ActiveCfg = Release|Any CPU
		{B538F535-3C2B-4BF0-BF25-C7F09F9C1838}.Release|Any CPU.Build.0 = Release|Any CPU
		{EE2F2F0F-3CCB-4E07-99CE-85B2A63C25C8}.Debug|Any CPU.ActiveCfg = Debug|Any CPU
		{EE2F2F0F-3CCB-4E07-99CE-85B2A63C25C8}.Debug|Any CPU.Build.0 = Debug|Any CPU
		{EE2F2F0F-3CCB-4E07-99CE-85B2A63C25C8}.Release|Any CPU.ActiveCfg = Release|Any CPU
		{EE2F2F0F-3CCB-4E07-99CE-85B2A63C25C8}.Release|Any CPU.Build.0 = Release|Any CPU
		{67CA1616-2A1C-4732-911D-A55609AA480E}.Debug|Any CPU.ActiveCfg = Debug|Any CPU
		{67CA1616-2A1C-4732-911D-A55609AA480E}.Debug|Any CPU.Build.0 = Debug|Any CPU
		{67CA1616-2A1C-4732-911D-A55609AA480E}.Release|Any CPU.ActiveCfg = Release|Any CPU
		{67CA1616-2A1C-4732-911D-A55609AA480E}.Release|Any CPU.Build.0 = Release|Any CPU
	EndGlobalSection
	GlobalSection(SolutionProperties) = preSolution
		HideSolutionNode = FALSE
	EndGlobalSection
	GlobalSection(ExtensibilityGlobals) = postSolution
		SolutionGuid = {0202C768-D7D2-4700-9379-0E04A9BD746F}
	EndGlobalSection
EndGlobal
